
Microsoft Visual Studio Solution File, Format Version 12.00
# Visual Studio 15
VisualStudioVersion = 15.0.27130.2010
MinimumVisualStudioVersion = 10.0.40219.1
Project("{FAE04EC0-301F-11D3-BF4B-00C04F79EFBC}") = "Pescaria_CG_TP1", "Pescaria_CG_TP1\Pescaria_CG_TP1.csproj", "{561DD45C-B2E2-4A83-A64B-5A329DD9700C}"
EndProject
Global
	GlobalSection(SolutionConfigurationPlatforms) = preSolution
		Debug|Any CPU = Debug|Any CPU
		Release|Any CPU = Release|Any CPU
	EndGlobalSection
	GlobalSection(ProjectConfigurationPlatforms) = postSolution
		{561DD45C-B2E2-4A83-A64B-5A329DD9700C}.Debug|Any CPU.ActiveCfg = Debug|Any CPU
		{561DD45C-B2E2-4A83-A64B-5A329DD9700C}.Debug|Any CPU.Build.0 = Debug|Any CPU
		{561DD45C-B2E2-4A83-A64B-5A329DD9700C}.Release|Any CPU.ActiveCfg = Release|Any CPU
		{561DD45C-B2E2-4A83-A64B-5A329DD9700C}.Release|Any CPU.Build.0 = Release|Any CPU
	EndGlobalSection
	GlobalSection(SolutionProperties) = preSolution
		HideSolutionNode = FALSE
	EndGlobalSection
	GlobalSection(ExtensibilityGlobals) = postSolution
		SolutionGuid = {0EE41B34-D9CB-4A67-BE76-44BE0C3340D0}
	EndGlobalSection
EndGlobal
